
Microsoft Visual Studio Solution File, Format Version 12.00
# Visual Studio Version 16
VisualStudioVersion = 16.0.29306.81
MinimumVisualStudioVersion = 10.0.40219.1
Project("{FAE04EC0-301F-11D3-BF4B-00C04F79EFBC}") = "CICS", "CICS.csproj", "{901A0106-88C3-4C18-B07D-0CD2487313C3}"
EndProject
Global
	GlobalSection(SolutionConfigurationPlatforms) = preSolution
		Debug|Any CPU = Debug|Any CPU
		Release|Any CPU = Release|Any CPU
	EndGlobalSection
	GlobalSection(ProjectConfigurationPlatforms) = postSolution
		{901A0106-88C3-4C18-B07D-0CD2487313C3}.Debug|Any CPU.ActiveCfg = Debug|Any CPU
		{901A0106-88C3-4C18-B07D-0CD2487313C3}.Debug|Any CPU.Build.0 = Debug|Any CPU
		{901A0106-88C3-4C18-B07D-0CD2487313C3}.Release|Any CPU.ActiveCfg = Release|Any CPU
		{901A0106-88C3-4C18-B07D-0CD2487313C3}.Release|Any CPU.Build.0 = Release|Any CPU
	EndGlobalSection
	GlobalSection(SolutionProperties) = preSolution
		HideSolutionNode = FALSE
	EndGlobalSection
	GlobalSection(ExtensibilityGlobals) = postSolution
		SolutionGuid = {41AC8575-9E3E-4DD4-953C-C2A61578835E}
	EndGlobalSection
EndGlobal
